
Microsoft Visual Studio Solution File, Format Version 12.00
# Visual Studio Version 16
VisualStudioVersion = 16.0.31321.278
MinimumVisualStudioVersion = 10.0.40219.1
Project("{9A19103F-16F7-4668-BE54-9A1E7A4F7556}") = "20114823.PROG.TASK2", "20114823.PROG.TASK2.csproj", "{13F29BE1-D9BA-46E5-905D-443E82F13A0A}"
EndProject
Global
	GlobalSection(SolutionConfigurationPlatforms) = preSolution
		Debug|Any CPU = Debug|Any CPU
		Release|Any CPU = Release|Any CPU
	EndGlobalSection
	GlobalSection(ProjectConfigurationPlatforms) = postSolution
		{13F29BE1-D9BA-46E5-905D-443E82F13A0A}.Debug|Any CPU.ActiveCfg = Debug|Any CPU
		{13F29BE1-D9BA-46E5-905D-443E82F13A0A}.Debug|Any CPU.Build.0 = Debug|Any CPU
		{13F29BE1-D9BA-46E5-905D-443E82F13A0A}.Release|Any CPU.ActiveCfg = Release|Any CPU
		{13F29BE1-D9BA-46E5-905D-443E82F13A0A}.Release|Any CPU.Build.0 = Release|Any CPU
	EndGlobalSection
	GlobalSection(SolutionProperties) = preSolution
		HideSolutionNode = FALSE
	EndGlobalSection
	GlobalSection(ExtensibilityGlobals) = postSolution
		SolutionGuid = {51E9E7B7-B5C9-41FE-B53C-028B533D13E8}
	EndGlobalSection
EndGlobal
